
Microsoft Visual Studio Solution File, Format Version 12.00
# Visual Studio Version 16
VisualStudioVersion = 16.0.31515.178
MinimumVisualStudioVersion = 10.0.40219.1
Project("{FAE04EC0-301F-11D3-BF4B-00C04F79EFBC}") = "GrpcService", "GrpcService\GrpcService.csproj", "{B103F645-425E-4D70-92D6-14E114C223E9}"
EndProject
Project("{FAE04EC0-301F-11D3-BF4B-00C04F79EFBC}") = "GrpcClient", "GrpcClient\GrpcClient.csproj", "{621AA832-8095-4C56-B6D0-AEF0E2F92A36}"
EndProject
Global
	GlobalSection(SolutionConfigurationPlatforms) = preSolution
		Debug|Any CPU = Debug|Any CPU
		Release|Any CPU = Release|Any CPU
	EndGlobalSection
	GlobalSection(ProjectConfigurationPlatforms) = postSolution
		{B103F645-425E-4D70-92D6-14E114C223E9}.Debug|Any CPU.ActiveCfg = Debug|Any CPU
		{B103F645-425E-4D70-92D6-14E114C223E9}.Debug|Any CPU.Build.0 = Debug|Any CPU
		{B103F645-425E-4D70-92D6-14E114C223E9}.Release|Any CPU.ActiveCfg = Release|Any CPU
		{B103F645-425E-4D70-92D6-14E114C223E9}.Release|Any CPU.Build.0 = Release|Any CPU
		{621AA832-8095-4C56-B6D0-AEF0E2F92A36}.Debug|Any CPU.ActiveCfg = Debug|Any CPU
		{621AA832-8095-4C56-B6D0-AEF0E2F92A36}.Debug|Any CPU.Build.0 = Debug|Any CPU
		{621AA832-8095-4C56-B6D0-AEF0E2F92A36}.Release|Any CPU.ActiveCfg = Release|Any CPU
		{621AA832-8095-4C56-B6D0-AEF0E2F92A36}.Release|Any CPU.Build.0 = Release|Any CPU
	EndGlobalSection
	GlobalSection(SolutionProperties) = preSolution
		HideSolutionNode = FALSE
	EndGlobalSection
	GlobalSection(ExtensibilityGlobals) = postSolution
		SolutionGuid = {4362D97A-6B7F-4459-A6AB-3858D3843272}
	EndGlobalSection
EndGlobal
